
Microsoft Visual Studio Solution File, Format Version 12.00
# Visual Studio Version 16
VisualStudioVersion = 16.0.30503.244
MinimumVisualStudioVersion = 10.0.40219.1
Project("{9A19103F-16F7-4668-BE54-9A1E7A4F7556}") = "LaundryApp", "LaundryApp\LaundryApp.csproj", "{3B8F8B02-388D-41EA-89B2-2AF7D2A1A8E9}"
EndProject
Global
	GlobalSection(SolutionConfigurationPlatforms) = preSolution
		Debug|Any CPU = Debug|Any CPU
		Release|Any CPU = Release|Any CPU
	EndGlobalSection
	GlobalSection(ProjectConfigurationPlatforms) = postSolution
		{3B8F8B02-388D-41EA-89B2-2AF7D2A1A8E9}.Debug|Any CPU.ActiveCfg = Debug|Any CPU
		{3B8F8B02-388D-41EA-89B2-2AF7D2A1A8E9}.Debug|Any CPU.Build.0 = Debug|Any CPU
		{3B8F8B02-388D-41EA-89B2-2AF7D2A1A8E9}.Release|Any CPU.ActiveCfg = Release|Any CPU
		{3B8F8B02-388D-41EA-89B2-2AF7D2A1A8E9}.Release|Any CPU.Build.0 = Release|Any CPU
	EndGlobalSection
	GlobalSection(SolutionProperties) = preSolution
		HideSolutionNode = FALSE
	EndGlobalSection
	GlobalSection(ExtensibilityGlobals) = postSolution
		SolutionGuid = {5DEB3C17-4D7E-4E65-8419-3B9D645212D9}
	EndGlobalSection
EndGlobal
